schema: '2.0'
stages:
  fetch_external_capacity_panels:
    cmd: uv run python pipeline/07_fetch_external_capacity_panels.py
    deps:
    - path: pipeline/07_fetch_external_capacity_panels.py
      hash: md5
      md5: 0ce248adf5f20e0cfb2dbce4f3a7e2fc
      size: 2197
    outs:
    - path: data/downloads/external/capacity_by_nuts2_month.parquet
      hash: md5
      md5: dd1d6f1b803629ed59f3b944ccd7e589
      size: 330102
    - path: data/downloads/external/capacity_by_offshore_month.parquet
      hash: md5
      md5: b6aea9a7c36065dc1624603074adf573
      size: 5615
    - path: data/downloads/external/capacity_by_peof_month.parquet
      hash: md5
      md5: 80e7b4e9fae9fdbb32bea88160373ad2
      size: 7259
    - path: data/downloads/external/capacity_by_peon_month.parquet
      hash: md5
      md5: 007d9f28994339deb239fc0e2d35a333
      size: 21238
    - path: data/downloads/external/solar_capacity_by_nuts2_month.parquet
      hash: md5
      md5: 7c150064c796ba705c1d9ec00abae5f1
      size: 154691
  download_smard:
    cmd: uv run python pipeline/03_download_smard.py
    deps:
    - path: pipeline/03_download_smard.py
      hash: md5
      md5: 4b81ecf61c1212eb5f131f2289ba1e35
      size: 2277
    - path: pkg/smard.py
      hash: md5
      md5: 0c1dbf1048bf3c42532b764544ded0e7
      size: 2871
    outs:
    - path: data/downloads/smard/load.parquet
      hash: md5
      md5: eb9d2aef60a10353e8bc54d02b331892
      size: 1001971
    - path: data/downloads/smard/price_de_lu.parquet
      hash: md5
      md5: ca35519f46a60325921e97265fa3ca76
      size: 796860
    - path: data/downloads/smard/pv.parquet
      hash: md5
      md5: 25eba4284b9d1874cae848550cffe2f0
      size: 984819
    - path: data/downloads/smard/wind_offshore.parquet
      hash: md5
      md5: eb59824312a78181e55ed65e996415d1
      size: 860757
    - path: data/downloads/smard/wind_onshore.parquet
      hash: md5
      md5: 893706bbd246aa46b820979a06236287
      size: 1136454
  download_redispatch_by_source:
    cmd: uv run python pipeline/05_download_redispatch_by_source.py
    deps:
    - path: pipeline/05_download_redispatch_by_source.py
      hash: md5
      md5: e61407680ee510b0b2b072009a7fec29
      size: 1319
    - path: pkg/smard_redispatch.py
      hash: md5
      md5: 1600fc29404ff48f3af21d6a0f57830b
      size: 5342
    outs:
    - path: data/downloads/smard/redispatch_by_source.parquet
      hash: md5
      md5: 1f60269901d9dc4317f145582c6caf00
      size: 8974
  download_smard_capacities:
    cmd: uv run python pipeline/04_download_smard_capacities.py
    deps:
    - path: pipeline/04_download_smard_capacities.py
      hash: md5
      md5: 99a4e567a66788a1be46de834c83e573
      size: 2123
    - path: pkg/smard.py
      hash: md5
      md5: 0c1dbf1048bf3c42532b764544ded0e7
      size: 2871
    outs:
    - path: data/downloads/smard/capacity_solar.parquet
      hash: md5
      md5: 994a1c134374c48c8428d5f367df9b53
      size: 862337
    - path: data/downloads/smard/capacity_wind_offshore.parquet
      hash: md5
      md5: 9836787ca872bba02993fc8f06c91270
      size: 862365
    - path: data/downloads/smard/capacity_wind_onshore.parquet
      hash: md5
      md5: 00cdf050a4ee8790e3ff9d00505a4e0b
      size: 862373
  download_redispatch_measures:
    cmd: uv run python pipeline/06_download_redispatch_measures.py
    deps:
    - path: pipeline/06_download_redispatch_measures.py
      hash: md5
      md5: c9e6bb47216268abf1acef123170dd7a
      size: 946
    - path: pkg/redispatch_measures.py
      hash: md5
      md5: f7561afeba21582bf154355fa2944681
      size: 7275
    outs:
    - path: data/downloads/netztransparenz/redispatch_measures.csv
      hash: md5
      md5: b8cc993c9458c37669a7f959e149d5c3
      size: 16343084
  download_pecd_capacity_factors:
    cmd: uv run python pipeline/01_download_pecd_capacity_factors.py
    deps:
    - path: pipeline/01_download_pecd_capacity_factors.py
      hash: md5
      md5: 00a7e4f9537ea8115a83857e1c510987
      size: 2760
    - path: pkg/cds.py
      hash: md5
      md5: c0e79a311cec61fde6dba3bb72ee2113
      size: 1211
    outs:
    - path: data/downloads/pecd/pecd_solar_tech60.zip
      hash: md5
      md5: 8f23b48e2ed5b967b096f5699789d7d6
      size: 91424532
    - path: data/downloads/pecd/pecd_solar_tech61.zip
      hash: md5
      md5: b1ca0afbe476583b5fbb2aa9a028d300
      size: 91884151
    - path: data/downloads/pecd/pecd_solar_tech62.zip
      hash: md5
      md5: 2185f564f32b50159bc262e3b528a5a6
      size: 92283744
    - path: data/downloads/pecd/pecd_solar_tech63.zip
      hash: md5
      md5: 15f9ec611ac5926bc6e3e0dce7ddfc83
      size: 92643407
    - path: data/downloads/pecd/pecd_wind_offshore_tech20.zip
      hash: md5
      md5: 7d4a95891e231dc85fa52606d4c494d2
      size: 11694866
    - path: data/downloads/pecd/pecd_wind_onshore_tech30.zip
      hash: md5
      md5: f3a9d3ca0ab3caf49757fb3f884e6856
      size: 29414601
  process_pecd_capacity_factors:
    cmd: uv run python pipeline/02_process_pecd_capacity_factors.py
    deps:
    - path: data/downloads/pecd/pecd_solar_tech60.zip
      hash: md5
      md5: 8f23b48e2ed5b967b096f5699789d7d6
      size: 91424532
    - path: data/downloads/pecd/pecd_solar_tech61.zip
      hash: md5
      md5: b1ca0afbe476583b5fbb2aa9a028d300
      size: 91884151
    - path: data/downloads/pecd/pecd_solar_tech62.zip
      hash: md5
      md5: 2185f564f32b50159bc262e3b528a5a6
      size: 92283744
    - path: data/downloads/pecd/pecd_solar_tech63.zip
      hash: md5
      md5: 15f9ec611ac5926bc6e3e0dce7ddfc83
      size: 92643407
    - path: data/downloads/pecd/pecd_wind_offshore_tech20.zip
      hash: md5
      md5: 7d4a95891e231dc85fa52606d4c494d2
      size: 11694866
    - path: data/downloads/pecd/pecd_wind_onshore_tech30.zip
      hash: md5
      md5: f3a9d3ca0ab3caf49757fb3f884e6856
      size: 29414601
    - path: pipeline/02_process_pecd_capacity_factors.py
      hash: md5
      md5: fcdc281df29216bcd2fd823ad979a00a
      size: 3000
    - path: pkg/pecd_io.py
      hash: md5
      md5: 9e708f2a6217daed456684e6bccf7b57
      size: 1812
    outs:
    - path: data/processed/pecd_solar_capacity_factors.parquet
      hash: md5
      md5: f1ac7e3e0f6162d5e04aac0f3a84e1f9
      size: 51558551
    - path: data/processed/pecd_wind_offshore_capacity_factors.parquet
      hash: md5
      md5: fc0302a6df4558f45f41a11788b71060
      size: 2929080
    - path: data/processed/pecd_wind_onshore_capacity_factors.parquet
      hash: md5
      md5: 0284b97259860845add1711ae124e113
      size: 2296648
  download_pecd_masks:
    cmd: uv run python pipeline/08_download_pecd_masks.py
    deps:
    - path: pipeline/08_download_pecd_masks.py
      hash: md5
      md5: 3c6973727e3fd273ed875fa365734d50
      size: 1997
    outs:
    - path: data/downloads/pecd/peof_region_mask.nc
      hash: md5
      md5: 388b1ec71e500c49fba331e02678be8c
      size: 34665619
    - path: data/downloads/pecd/peon_region_mask.nc
      hash: md5
      md5: 3564693594af076c9fc01fe336b829d3
      size: 85514663
  download_region_geometries:
    cmd: uv run python pipeline/09_download_region_geometries.py
    deps:
    - path: pipeline/09_download_region_geometries.py
      hash: md5
      md5: 5e0678176f6dc1e3ff8f8f266fc213f2
      size: 1983
    outs:
    - path: data/downloads/country_borders.geojson
      hash: md5
      md5: dd213118020e9d2604bf9f29b540bfa5
      size: 1758506
    - path: data/downloads/nuts_regions.geojson
      hash: md5
      md5: deef50e6af7cf70882303055901eae9c
      size: 7149154
  eda_data_availability:
    cmd: MPLBACKEND=Agg uv run jupytext --to notebook --execute --set-kernel 
      python3 --output book/notebooks/10_eda_data_availability.ipynb 
      pipeline/10_eda_data_availability.py && uv run python 
      pipeline/_strip_jupytext_metadata.py 
      book/notebooks/10_eda_data_availability.ipynb
    deps:
    - path: data/downloads/external/capacity_by_nuts2_month.parquet
      hash: md5
      md5: dd1d6f1b803629ed59f3b944ccd7e589
      size: 330102
    - path: data/downloads/external/capacity_by_offshore_month.parquet
      hash: md5
      md5: b6aea9a7c36065dc1624603074adf573
      size: 5615
    - path: data/downloads/external/capacity_by_peof_month.parquet
      hash: md5
      md5: 80e7b4e9fae9fdbb32bea88160373ad2
      size: 7259
    - path: data/downloads/external/capacity_by_peon_month.parquet
      hash: md5
      md5: 007d9f28994339deb239fc0e2d35a333
      size: 21238
    - path: data/downloads/external/solar_capacity_by_nuts2_month.parquet
      hash: md5
      md5: 7c150064c796ba705c1d9ec00abae5f1
      size: 154691
    - path: data/downloads/netztransparenz/redispatch_measures.csv
      hash: md5
      md5: b8cc993c9458c37669a7f959e149d5c3
      size: 16343084
    - path: data/downloads/smard/capacity_solar.parquet
      hash: md5
      md5: 994a1c134374c48c8428d5f367df9b53
      size: 862337
    - path: data/downloads/smard/capacity_wind_offshore.parquet
      hash: md5
      md5: 9836787ca872bba02993fc8f06c91270
      size: 862365
    - path: data/downloads/smard/capacity_wind_onshore.parquet
      hash: md5
      md5: 00cdf050a4ee8790e3ff9d00505a4e0b
      size: 862373
    - path: data/downloads/smard/load.parquet
      hash: md5
      md5: eb9d2aef60a10353e8bc54d02b331892
      size: 1001971
    - path: data/downloads/smard/price_de_lu.parquet
      hash: md5
      md5: ca35519f46a60325921e97265fa3ca76
      size: 796860
    - path: data/downloads/smard/pv.parquet
      hash: md5
      md5: 25eba4284b9d1874cae848550cffe2f0
      size: 984819
    - path: data/downloads/smard/redispatch_by_source.parquet
      hash: md5
      md5: 1f60269901d9dc4317f145582c6caf00
      size: 8974
    - path: data/downloads/smard/wind_offshore.parquet
      hash: md5
      md5: eb59824312a78181e55ed65e996415d1
      size: 860757
    - path: data/downloads/smard/wind_onshore.parquet
      hash: md5
      md5: 893706bbd246aa46b820979a06236287
      size: 1136454
    - path: data/processed/pecd_solar_capacity_factors.parquet
      hash: md5
      md5: f1ac7e3e0f6162d5e04aac0f3a84e1f9
      size: 51558551
    - path: data/processed/pecd_wind_offshore_capacity_factors.parquet
      hash: md5
      md5: fc0302a6df4558f45f41a11788b71060
      size: 2929080
    - path: data/processed/pecd_wind_onshore_capacity_factors.parquet
      hash: md5
      md5: 0284b97259860845add1711ae124e113
      size: 2296648
    - path: pipeline/10_eda_data_availability.py
      hash: md5
      md5: 0befdd05ad750326db1ffb492cedc01d
      size: 7245
    - path: pkg/redispatch_measures.py
      hash: md5
      md5: f7561afeba21582bf154355fa2944681
      size: 7275
    outs:
    - path: book/notebooks/10_eda_data_availability.ipynb
      hash: md5
      md5: 9f3e6fee52c14f174be6dc8cc886e9f2
      size: 12776
    - path: output/images/10_data_availability_heatmap.png
      hash: md5
      md5: 5993b25514022ce23c92be53e98f777d
      size: 127383
  eda_region_maps:
    cmd: MPLBACKEND=Agg uv run jupytext --to notebook --execute --set-kernel 
      python3 --output book/notebooks/11_eda_region_maps.ipynb 
      pipeline/11_eda_region_maps.py && uv run python 
      pipeline/_strip_jupytext_metadata.py 
      book/notebooks/11_eda_region_maps.ipynb
    deps:
    - path: data/downloads/country_borders.geojson
      hash: md5
      md5: dd213118020e9d2604bf9f29b540bfa5
      size: 1758506
    - path: data/downloads/nuts_regions.geojson
      hash: md5
      md5: deef50e6af7cf70882303055901eae9c
      size: 7149154
    - path: data/downloads/pecd/peof_region_mask.nc
      hash: md5
      md5: 388b1ec71e500c49fba331e02678be8c
      size: 34665619
    - path: data/downloads/pecd/peon_region_mask.nc
      hash: md5
      md5: 3564693594af076c9fc01fe336b829d3
      size: 85514663
    - path: pipeline/11_eda_region_maps.py
      hash: md5
      md5: 1c76512449090faac4606e5f5047d604
      size: 8109
    outs:
    - path: book/notebooks/11_eda_region_maps.ipynb
      hash: md5
      md5: 3290bc4e82c5794f68406ab258bcdd2e
      size: 13590
    - path: output/images/11_nuts2_regions.png
      hash: md5
      md5: f13173cedabf5c60a6a2155df2b149a4
      size: 288519
    - path: output/images/11_peof_zone_grid.png
      hash: md5
      md5: e02ca11f22e4234e8dc0ff52d466936a
      size: 153086
    - path: output/images/11_peon_zone_grid.png
      hash: md5
      md5: bef767b897c8787d4affc4838dd21ea0
      size: 405600
  eda_redispatch_comparison:
    cmd: MPLBACKEND=Agg uv run jupytext --to notebook --execute --set-kernel 
      python3 --output book/notebooks/12_eda_redispatch_comparison.ipynb 
      pipeline/12_eda_redispatch_comparison.py && uv run python 
      pipeline/_strip_jupytext_metadata.py 
      book/notebooks/12_eda_redispatch_comparison.ipynb
    deps:
    - path: data/downloads/netztransparenz/redispatch_measures.csv
      hash: md5
      md5: b8cc993c9458c37669a7f959e149d5c3
      size: 16343084
    - path: data/downloads/smard/redispatch_by_source.parquet
      hash: md5
      md5: 1f60269901d9dc4317f145582c6caf00
      size: 8974
    - path: pipeline/12_eda_redispatch_comparison.py
      hash: md5
      md5: 3ed23caad84d64eaf14f788723a0b145
      size: 8095
    - path: pkg/redispatch_measures.py
      hash: md5
      md5: f7561afeba21582bf154355fa2944681
      size: 7275
    outs:
    - path: book/notebooks/12_eda_redispatch_comparison.ipynb
      hash: md5
      md5: 385be87be4df3277fde6be295fcf9f5e
      size: 12535
    - path: output/images/12_redispatch_sources_side_by_side.png
      hash: md5
      md5: 4dd5ad9b012c2495d7b37b827aa3bf64
      size: 266135
  eda_capacity_over_time:
    cmd: MPLBACKEND=Agg uv run jupytext --to notebook --execute --set-kernel 
      python3 --output book/notebooks/13_eda_capacity_over_time.ipynb 
      pipeline/13_eda_capacity_over_time.py && uv run python 
      pipeline/_strip_jupytext_metadata.py 
      book/notebooks/13_eda_capacity_over_time.ipynb
    deps:
    - path: data/downloads/country_borders.geojson
      hash: md5
      md5: dd213118020e9d2604bf9f29b540bfa5
      size: 1758506
    - path: data/downloads/external/capacity_by_peof_month.parquet
      hash: md5
      md5: 80e7b4e9fae9fdbb32bea88160373ad2
      size: 7259
    - path: data/downloads/external/capacity_by_peon_month.parquet
      hash: md5
      md5: 007d9f28994339deb239fc0e2d35a333
      size: 21238
    - path: data/downloads/external/solar_capacity_by_nuts2_month.parquet
      hash: md5
      md5: 7c150064c796ba705c1d9ec00abae5f1
      size: 154691
    - path: data/downloads/nuts_regions.geojson
      hash: md5
      md5: deef50e6af7cf70882303055901eae9c
      size: 7149154
    - path: data/downloads/pecd/peof_region_mask.nc
      hash: md5
      md5: 388b1ec71e500c49fba331e02678be8c
      size: 34665619
    - path: data/downloads/pecd/peon_region_mask.nc
      hash: md5
      md5: 3564693594af076c9fc01fe336b829d3
      size: 85514663
    - path: pipeline/13_eda_capacity_over_time.py
      hash: md5
      md5: a9620041334be1522b4b51e8649c4d4a
      size: 9868
    outs:
    - path: book/notebooks/13_eda_capacity_over_time.ipynb
      hash: md5
      md5: 73af754f46f6319df083034b9ec3ecd0
      size: 16132
    - path: output/images/13_national_capacity_over_time.png
      hash: md5
      md5: 4b9c5153d2b22a94a2ecea7108682586
      size: 75290
    - path: output/images/13_solar_capacity_choropleth.gif
      hash: md5
      md5: b0f0da508cedb8a3356185eb0e24a61b
      size: 1846033
    - path: output/images/13_wind_offshore_capacity_choropleth.gif
      hash: md5
      md5: 0763980bb3fbc60f4c696bcf8495b495
      size: 592989
    - path: output/images/13_wind_onshore_capacity_choropleth.gif
      hash: md5
      md5: 7050e9b79cc5f24cfe9a6da470134876
      size: 450492
  build_target_panel:
    cmd: uv run python pipeline/15_build_target_panel.py
    deps:
    - path: data/downloads/smard/load.parquet
      hash: md5
      md5: eb9d2aef60a10353e8bc54d02b331892
      size: 1001971
    - path: data/downloads/smard/price_de_lu.parquet
      hash: md5
      md5: ca35519f46a60325921e97265fa3ca76
      size: 796860
    - path: data/downloads/smard/pv.parquet
      hash: md5
      md5: 25eba4284b9d1874cae848550cffe2f0
      size: 984819
    - path: data/downloads/smard/wind_offshore.parquet
      hash: md5
      md5: eb59824312a78181e55ed65e996415d1
      size: 860757
    - path: data/downloads/smard/wind_onshore.parquet
      hash: md5
      md5: 893706bbd246aa46b820979a06236287
      size: 1136454
    - path: pipeline/15_build_target_panel.py
      hash: md5
      md5: 5a94197e14ea01bed7046c5d41f1908e
      size: 2772
    outs:
    - path: data/processed/target_panel.parquet
      hash: md5
      md5: 8e04ea4fe1680e417c48aa54284d8a1b
      size: 2353887
  build_pecd_potential_panel:
    cmd: uv run python pipeline/14_build_pecd_potential_panel.py
    deps:
    - path: data/downloads/external/capacity_by_peof_month.parquet
      hash: md5
      md5: 80e7b4e9fae9fdbb32bea88160373ad2
      size: 7259
    - path: data/downloads/external/capacity_by_peon_month.parquet
      hash: md5
      md5: 007d9f28994339deb239fc0e2d35a333
      size: 21238
    - path: data/downloads/external/solar_capacity_by_nuts2_month.parquet
      hash: md5
      md5: 7c150064c796ba705c1d9ec00abae5f1
      size: 154691
    - path: data/processed/pecd_solar_capacity_factors.parquet
      hash: md5
      md5: f1ac7e3e0f6162d5e04aac0f3a84e1f9
      size: 51558551
    - path: data/processed/pecd_wind_offshore_capacity_factors.parquet
      hash: md5
      md5: fc0302a6df4558f45f41a11788b71060
      size: 2929080
    - path: data/processed/pecd_wind_onshore_capacity_factors.parquet
      hash: md5
      md5: 0284b97259860845add1711ae124e113
      size: 2296648
    - path: pipeline/14_build_pecd_potential_panel.py
      hash: md5
      md5: e39cbd4798f5639729573a8702f449bc
      size: 3536
    - path: pkg/potential.py
      hash: md5
      md5: 4903a9611474cc88c7eb97eef4a7b4b8
      size: 3376
    outs:
    - path: data/processed/pecd_potential_panel.parquet
      hash: md5
      md5: 63ecf1e15cd996d6a65ab12b92614f60
      size: 3330968
  analyse_potential_vs_observed:
    cmd: MPLBACKEND=Agg uv run jupytext --to notebook --execute --set-kernel 
      python3 --output book/notebooks/16_analyse_potential_vs_observed.ipynb 
      pipeline/16_analyse_potential_vs_observed.py && uv run python 
      pipeline/_strip_jupytext_metadata.py 
      book/notebooks/16_analyse_potential_vs_observed.ipynb
    deps:
    - path: data/downloads/external/capacity_by_peof_month.parquet
      hash: md5
      md5: 80e7b4e9fae9fdbb32bea88160373ad2
      size: 7259
    - path: data/downloads/external/capacity_by_peon_month.parquet
      hash: md5
      md5: 007d9f28994339deb239fc0e2d35a333
      size: 21238
    - path: data/downloads/external/solar_capacity_by_nuts2_month.parquet
      hash: md5
      md5: 7c150064c796ba705c1d9ec00abae5f1
      size: 154691
    - path: data/processed/pecd_potential_panel.parquet
      hash: md5
      md5: 63ecf1e15cd996d6a65ab12b92614f60
      size: 3330968
    - path: data/processed/pecd_solar_capacity_factors.parquet
      hash: md5
      md5: f1ac7e3e0f6162d5e04aac0f3a84e1f9
      size: 51558551
    - path: data/processed/pecd_wind_offshore_capacity_factors.parquet
      hash: md5
      md5: fc0302a6df4558f45f41a11788b71060
      size: 2929080
    - path: data/processed/pecd_wind_onshore_capacity_factors.parquet
      hash: md5
      md5: 0284b97259860845add1711ae124e113
      size: 2296648
    - path: data/processed/target_panel.parquet
      hash: md5
      md5: 8e04ea4fe1680e417c48aa54284d8a1b
      size: 2353887
    - path: pipeline/16_analyse_potential_vs_observed.py
      hash: md5
      md5: 97d5646f1a413333b5704072ab645609
      size: 11323
    - path: pkg/potential.py
      hash: md5
      md5: 4903a9611474cc88c7eb97eef4a7b4b8
      size: 3376
    outs:
    - path: book/notebooks/16_analyse_potential_vs_observed.ipynb
      hash: md5
      md5: 673f3a2e126085a9e0aefd4be9a4cb26
      size: 20379
    - path: output/images/16_potential_vs_observed_monthly.png
      hash: md5
      md5: 73ea3dfc3f7fb6f6163e2d789d46c25d
      size: 383786
    - path: output/images/16_potential_vs_observed_scatter.png
      hash: md5
      md5: 2d9498b9293bb42c38cb57b920f0a2c5
      size: 661969
    - path: output/images/16_potential_vs_observed_zoom.png
      hash: md5
      md5: 01ab6bca9a005d5cf603e4108090ae33
      size: 415365
  analyse_curtailment_gap:
    cmd: MPLBACKEND=Agg uv run jupytext --to notebook --execute --set-kernel 
      python3 --output book/notebooks/17_analyse_curtailment_gap.ipynb 
      pipeline/17_analyse_curtailment_gap.py && uv run python 
      pipeline/_strip_jupytext_metadata.py 
      book/notebooks/17_analyse_curtailment_gap.ipynb
    deps:
    - path: data/downloads/external/capacity_by_peof_month.parquet
      hash: md5
      md5: 80e7b4e9fae9fdbb32bea88160373ad2
      size: 7259
    - path: data/downloads/external/capacity_by_peon_month.parquet
      hash: md5
      md5: 007d9f28994339deb239fc0e2d35a333
      size: 21238
    - path: data/downloads/external/solar_capacity_by_nuts2_month.parquet
      hash: md5
      md5: 7c150064c796ba705c1d9ec00abae5f1
      size: 154691
    - path: data/downloads/smard/redispatch_by_source.parquet
      hash: md5
      md5: 1f60269901d9dc4317f145582c6caf00
      size: 8974
    - path: data/processed/pecd_potential_panel.parquet
      hash: md5
      md5: 63ecf1e15cd996d6a65ab12b92614f60
      size: 3330968
    - path: data/processed/pecd_solar_capacity_factors.parquet
      hash: md5
      md5: f1ac7e3e0f6162d5e04aac0f3a84e1f9
      size: 51558551
    - path: data/processed/pecd_wind_offshore_capacity_factors.parquet
      hash: md5
      md5: fc0302a6df4558f45f41a11788b71060
      size: 2929080
    - path: data/processed/pecd_wind_onshore_capacity_factors.parquet
      hash: md5
      md5: 0284b97259860845add1711ae124e113
      size: 2296648
    - path: data/processed/target_panel.parquet
      hash: md5
      md5: 8e04ea4fe1680e417c48aa54284d8a1b
      size: 2353887
    - path: pipeline/17_analyse_curtailment_gap.py
      hash: md5
      md5: 626f689cdd46fb4a5550df51f92a90fe
      size: 9900
    - path: pkg/potential.py
      hash: md5
      md5: 4903a9611474cc88c7eb97eef4a7b4b8
      size: 3376
    outs:
    - path: book/notebooks/17_analyse_curtailment_gap.ipynb
      hash: md5
      md5: 2bfc2dda01065fd7fd0cea22dd24a6db
      size: 21389
    - path: output/images/17_gap_by_price_sign.png
      hash: md5
      md5: cea8249c998709ab99f733a919821bb2
      size: 45045
    - path: output/images/17_gap_vs_redispatch.png
      hash: md5
      md5: d5a83b45fb739f4ebc543765220de8f4
      size: 288123
  analyse_remaining_gap:
    cmd: MPLBACKEND=Agg uv run jupytext --to notebook --execute --set-kernel 
      python3 --output book/notebooks/18_analyse_remaining_gap.ipynb 
      pipeline/18_analyse_remaining_gap.py && uv run python 
      pipeline/_strip_jupytext_metadata.py 
      book/notebooks/18_analyse_remaining_gap.ipynb
    deps:
    - path: data/downloads/external/capacity_by_nuts2_month.parquet
      hash: md5
      md5: dd1d6f1b803629ed59f3b944ccd7e589
      size: 330102
    - path: data/downloads/smard/redispatch_by_source.parquet
      hash: md5
      md5: 1f60269901d9dc4317f145582c6caf00
      size: 8974
    - path: data/processed/pecd_potential_panel.parquet
      hash: md5
      md5: 63ecf1e15cd996d6a65ab12b92614f60
      size: 3330968
    - path: data/processed/target_panel.parquet
      hash: md5
      md5: 8e04ea4fe1680e417c48aa54284d8a1b
      size: 2353887
    - path: pipeline/18_analyse_remaining_gap.py
      hash: md5
      md5: e6c0de0f7303d19d68a9b1955a832b69
      size: 9854
    outs:
    - path: book/notebooks/18_analyse_remaining_gap.ipynb
      hash: md5
      md5: 8ca1e2c8d5fadeef5c111207041d37eb
      size: 16433
    - path: output/images/18_solar_feed_in_category_share.png
      hash: md5
      md5: 791dc6b6b9d9f080034cc7f35ac52f7b
      size: 64500
    - path: output/images/18_wind_residual_by_year.png
      hash: md5
      md5: 942257c49420a9ef6b79afcb9f4c1139
      size: 64566
